
Microsoft Visual Studio Solution File, Format Version 12.00
# Visual Studio Version 16
VisualStudioVersion = 16.0.30114.105
MinimumVisualStudioVersion = 10.0.40219.1
Project("{FAE04EC0-301F-11D3-BF4B-00C04F79EFBC}") = "Domain", "Domain\Domain.csproj", "{C561F331-1C8F-4249-A35B-1DF264641CFF}"
EndProject
Project("{FAE04EC0-301F-11D3-BF4B-00C04F79EFBC}") = "Application", "Application\Application.csproj", "{872B8A83-5B92-4254-88B4-F687A9DBAB0E}"
EndProject
Project("{FAE04EC0-301F-11D3-BF4B-00C04F79EFBC}") = "Database", "Database\Database.csproj", "{23287B5E-17A3-4EB8-B395-967663266FD2}"
EndProject
Project("{FAE04EC0-301F-11D3-BF4B-00C04F79EFBC}") = "API", "API\API.csproj", "{EADADB7E-842C-4CA4-851F-A55645FB1024}"
EndProject
Global
	GlobalSection(SolutionConfigurationPlatforms) = preSolution
		Debug|Any CPU = Debug|Any CPU
		Debug|x64 = Debug|x64
		Debug|x86 = Debug|x86
		Release|Any CPU = Release|Any CPU
		Release|x64 = Release|x64
		Release|x86 = Release|x86
	EndGlobalSection
	GlobalSection(SolutionProperties) = preSolution
		HideSolutionNode = FALSE
	EndGlobalSection
	GlobalSection(ProjectConfigurationPlatforms) = postSolution
		{C561F331-1C8F-4249-A35B-1DF264641CFF}.Debug|Any CPU.ActiveCfg = Debug|Any CPU
		{C561F331-1C8F-4249-A35B-1DF264641CFF}.Debug|Any CPU.Build.0 = Debug|Any CPU
		{C561F331-1C8F-4249-A35B-1DF264641CFF}.Debug|x64.ActiveCfg = Debug|Any CPU
		{C561F331-1C8F-4249-A35B-1DF264641CFF}.Debug|x64.Build.0 = Debug|Any CPU
		{C561F331-1C8F-4249-A35B-1DF264641CFF}.Debug|x86.ActiveCfg = Debug|Any CPU
		{C561F331-1C8F-4249-A35B-1DF264641CFF}.Debug|x86.Build.0 = Debug|Any CPU
		{C561F331-1C8F-4249-A35B-1DF264641CFF}.Release|Any CPU.ActiveCfg = Release|Any CPU
		{C561F331-1C8F-4249-A35B-1DF264641CFF}.Release|Any CPU.Build.0 = Release|Any CPU
		{C561F331-1C8F-4249-A35B-1DF264641CFF}.Release|x64.ActiveCfg = Release|Any CPU
		{C561F331-1C8F-4249-A35B-1DF264641CFF}.Release|x64.Build.0 = Release|Any CPU
		{C561F331-1C8F-4249-A35B-1DF264641CFF}.Release|x86.ActiveCfg = Release|Any CPU
		{C561F331-1C8F-4249-A35B-1DF264641CFF}.Release|x86.Build.0 = Release|Any CPU
		{872B8A83-5B92-4254-88B4-F687A9DBAB0E}.Debug|Any CPU.ActiveCfg = Debug|Any CPU
		{872B8A83-5B92-4254-88B4-F687A9DBAB0E}.Debug|Any CPU.Build.0 = Debug|Any CPU
		{872B8A83-5B92-4254-88B4-F687A9DBAB0E}.Debug|x64.ActiveCfg = Debug|Any CPU
		{872B8A83-5B92-4254-88B4-F687A9DBAB0E}.Debug|x64.Build.0 = Debug|Any CPU
		{872B8A83-5B92-4254-88B4-F687A9DBAB0E}.Debug|x86.ActiveCfg = Debug|Any CPU
		{872B8A83-5B92-4254-88B4-F687A9DBAB0E}.Debug|x86.Build.0 = Debug|Any CPU
		{872B8A83-5B92-4254-88B4-F687A9DBAB0E}.Release|Any CPU.ActiveCfg = Release|Any CPU
		{872B8A83-5B92-4254-88B4-F687A9DBAB0E}.Release|Any CPU.Build.0 = Release|Any CPU
		{872B8A83-5B92-4254-88B4-F687A9DBAB0E}.Release|x64.ActiveCfg = Release|Any CPU
		{872B8A83-5B92-4254-88B4-F687A9DBAB0E}.Release|x64.Build.0 = Release|Any CPU
		{872B8A83-5B92-4254-88B4-F687A9DBAB0E}.Release|x86.ActiveCfg = Release|Any CPU
		{872B8A83-5B92-4254-88B4-F687A9DBAB0E}.Release|x86.Build.0 = Release|Any CPU
		{23287B5E-17A3-4EB8-B395-967663266FD2}.Debug|Any CPU.ActiveCfg = Debug|Any CPU
		{23287B5E-17A3-4EB8-B395-967663266FD2}.Debug|Any CPU.Build.0 = Debug|Any CPU
		{23287B5E-17A3-4EB8-B395-967663266FD2}.Debug|x64.ActiveCfg = Debug|Any CPU
		{23287B5E-17A3-4EB8-B395-967663266FD2}.Debug|x64.Build.0 = Debug|Any CPU
		{23287B5E-17A3-4EB8-B395-967663266FD2}.Debug|x86.ActiveCfg = Debug|Any CPU
		{23287B5E-17A3-4EB8-B395-967663266FD2}.Debug|x86.Build.0 = Debug|Any CPU
		{23287B5E-17A3-4EB8-B395-967663266FD2}.Release|Any CPU.ActiveCfg = Release|Any CPU
		{23287B5E-17A3-4EB8-B395-967663266FD2}.Release|Any CPU.Build.0 = Release|Any CPU
		{23287B5E-17A3-4EB8-B395-967663266FD2}.Release|x64.ActiveCfg = Release|Any CPU
		{23287B5E-17A3-4EB8-B395-967663266FD2}.Release|x64.Build.0 = Release|Any CPU
		{23287B5E-17A3-4EB8-B395-967663266FD2}.Release|x86.ActiveCfg = Release|Any CPU
		{23287B5E-17A3-4EB8-B395-967663266FD2}.Release|x86.Build.0 = Release|Any CPU
		{EADADB7E-842C-4CA4-851F-A55645FB1024}.Debug|Any CPU.ActiveCfg = Debug|Any CPU
		{EADADB7E-842C-4CA4-851F-A55645FB1024}.Debug|Any CPU.Build.0 = Debug|Any CPU
		{EADADB7E-842C-4CA4-851F-A55645FB1024}.Debug|x64.ActiveCfg = Debug|Any CPU
		{EADADB7E-842C-4CA4-851F-A55645FB1024}.Debug|x64.Build.0 = Debug|Any CPU
		{EADADB7E-842C-4CA4-851F-A55645FB1024}.Debug|x86.ActiveCfg = Debug|Any CPU
		{EADADB7E-842C-4CA4-851F-A55645FB1024}.Debug|x86.Build.0 = Debug|Any CPU
		{EADADB7E-842C-4CA4-851F-A55645FB1024}.Release|Any CPU.ActiveCfg = Release|Any CPU
		{EADADB7E-842C-4CA4-851F-A55645FB1024}.Release|Any CPU.Build.0 = Release|Any CPU
		{EADADB7E-842C-4CA4-851F-A55645FB1024}.Release|x64.ActiveCfg = Release|Any CPU
		{EADADB7E-842C-4CA4-851F-A55645FB1024}.Release|x64.Build.0 = Release|Any CPU
		{EADADB7E-842C-4CA4-851F-A55645FB1024}.Release|x86.ActiveCfg = Release|Any CPU
		{EADADB7E-842C-4CA4-851F-A55645FB1024}.Release|x86.Build.0 = Release|Any CPU
	EndGlobalSection
EndGlobal
